{
  "originHash" : "261f61938c824074d51bb112e4fdb9d33b0f7b9593021bcb09bc4a14e5d78a2c",
  "pins" : [
    {
      "identity" : "decodeencodegeneric",
      "kind" : "remoteSourceControl",
      "location" : "https://github.com/rsyncOSX/DecodeEncodeGeneric.git",
      "state" : {
        "revision" : "b5ecbbbe1b244191efec1532a979f6ae342d6617",
        "version" : "1.0.0"
      }
    },
    {
      "identity" : "parsersyncoutput",
      "kind" : "remoteSourceControl",
      "location" : "https://github.com/rsyncOSX/ParseRsyncOutput",
      "state" : {
        "revision" : "e079e0c9d34bf07f7f2a4312b40feea79ae14847",
        "version" : "1.0.0"
      }
    },
    {
      "identity" : "rawcullcore",
      "kind" : "remoteSourceControl",
      "location" : "https://github.com/rsyncOSX/RawCullCore.git",
      "state" : {
        "revision" : "91138b766390dd60c537c4f3846f79bb83dead9c",
        "version" : "1.1.0"
      }
    },
    {
      "identity" : "rsyncarguments",
      "kind" : "remoteSourceControl",
      "location" : "https://github.com/rsyncOSX/RsyncArguments",
      "state" : {
        "revision" : "0ff6518136c208dfbecc1a918f045048ca79853d",
        "version" : "1.0.0"
      }
    },
    {
      "identity" : "rsyncprocessstreaming",
      "kind" : "remoteSourceControl",
      "location" : "https://github.com/rsyncOSX/RsyncProcessStreaming",
      "state" : {
        "revision" : "dd86f012b352888fd146e0b6e103740dc237f740",
        "version" : "1.0.0"
      }
    }
  ],
  "version" : 3
}
