{
  "originHash" : "c55207f0bd1e4d5132126acbd7b5b712d329db40919e5a0cd6e8806cb4a587c0",
  "pins" : [
    {
      "identity" : "coreai-models",
      "kind" : "remoteSourceControl",
      "location" : "https://github.com/apple/coreai-models.git",
      "state" : {
        "revision" : "bffc38fe48f50e4e962ac9772b64a5b55a605286"
      }
    },
    {
      "identity" : "decodeencodegeneric",
      "kind" : "remoteSourceControl",
      "location" : "https://github.com/rsyncOSX/DecodeEncodeGeneric.git",
      "state" : {
        "revision" : "b5ecbbbe1b244191efec1532a979f6ae342d6617",
        "version" : "1.0.0"
      }
    },
    {
      "identity" : "eventsource",
      "kind" : "remoteSourceControl",
      "location" : "https://github.com/mattt/EventSource.git",
      "state" : {
        "revision" : "86b5096ac59ab46e66bd1f6377c604bc1dab0bc2",
        "version" : "1.5.1"
      }
    },
    {
      "identity" : "parsersyncoutput",
      "kind" : "remoteSourceControl",
      "location" : "https://github.com/rsyncOSX/ParseRsyncOutput",
      "state" : {
        "revision" : "e079e0c9d34bf07f7f2a4312b40feea79ae14847",
        "version" : "1.0.0"
      }
    },
    {
      "identity" : "photoaikit",
      "kind" : "remoteSourceControl",
      "location" : "https://github.com/rsyncOSX/PhotoAIKit.git",
      "state" : {
        "revision" : "1e2eaccd00947fbadda300e4a617842479cae7b9"
      }
    },
    {
      "identity" : "photoanalysiskit",
      "kind" : "remoteSourceControl",
      "location" : "https://github.com/rsyncOSX/PhotoAnalysisKit.git",
      "state" : {
        "revision" : "3bf462fab0d82f5e4c315273688933ace68fa737",
        "version" : "1.2.2"
      }
    },
    {
      "identity" : "rawcullcore",
      "kind" : "remoteSourceControl",
      "location" : "https://github.com/rsyncOSX/RawCullCore.git",
      "state" : {
        "revision" : "d25a51e65ad32a82bf82f86fa0ec07d6e14498e9",
        "version" : "1.1.2"
      }
    },
    {
      "identity" : "rawparserkit",
      "kind" : "remoteSourceControl",
      "location" : "https://github.com/rsyncOSX/RawParserKit",
      "state" : {
        "revision" : "26327d983a3f0216c460684ad91944b9543af420",
        "version" : "1.2.9"
      }
    },
    {
      "identity" : "rsyncarguments",
      "kind" : "remoteSourceControl",
      "location" : "https://github.com/rsyncOSX/RsyncArguments",
      "state" : {
        "revision" : "0ff6518136c208dfbecc1a918f045048ca79853d",
        "version" : "1.0.0"
      }
    },
    {
      "identity" : "rsyncprocessstreaming",
      "kind" : "remoteSourceControl",
      "location" : "https://github.com/rsyncOSX/RsyncProcessStreaming",
      "state" : {
        "revision" : "dd86f012b352888fd146e0b6e103740dc237f740",
        "version" : "1.0.0"
      }
    },
    {
      "identity" : "swift-asn1",
      "kind" : "remoteSourceControl",
      "location" : "https://github.com/apple/swift-asn1.git",
      "state" : {
        "revision" : "a9a5efd40eaf558a2bcd48d64b1d1646be686008",
        "version" : "1.7.1"
      }
    },
    {
      "identity" : "swift-collections",
      "kind" : "remoteSourceControl",
      "location" : "https://github.com/apple/swift-collections.git",
      "state" : {
        "revision" : "a0cb0954ecb21e4e31b0070e6ed5674e8556685a",
        "version" : "1.6.0"
      }
    },
    {
      "identity" : "swift-crypto",
      "kind" : "remoteSourceControl",
      "location" : "https://github.com/apple/swift-crypto.git",
      "state" : {
        "revision" : "47d3869a7291f085c1fb9fb1e6d3b97a793f45c6",
        "version" : "4.5.1"
      }
    },
    {
      "identity" : "swift-huggingface",
      "kind" : "remoteSourceControl",
      "location" : "https://github.com/huggingface/swift-huggingface.git",
      "state" : {
        "revision" : "b721959445b617d0bf03910b2b4aced345fd93bf",
        "version" : "0.9.0"
      }
    },
    {
      "identity" : "swift-jinja",
      "kind" : "remoteSourceControl",
      "location" : "https://github.com/huggingface/swift-jinja.git",
      "state" : {
        "revision" : "7d0b8880ef8e567dd4e0089f8b99fb354129017c",
        "version" : "2.4.2"
      }
    },
    {
      "identity" : "swift-transformers",
      "kind" : "remoteSourceControl",
      "location" : "https://github.com/huggingface/swift-transformers",
      "state" : {
        "revision" : "2fa33e1f5e7131a7fc64c28e6d161dcec0d24820",
        "version" : "1.3.3"
      }
    },
    {
      "identity" : "xgrammar",
      "kind" : "remoteSourceControl",
      "location" : "https://github.com/mlc-ai/xgrammar",
      "state" : {
        "branch" : "main",
        "revision" : "3842647890df7c8133fba6bc0e3d11fc9730e0bd"
      }
    },
    {
      "identity" : "yyjson",
      "kind" : "remoteSourceControl",
      "location" : "https://github.com/ibireme/yyjson.git",
      "state" : {
        "revision" : "8b4a38dc994a110abaec8a400615567bd996105f",
        "version" : "0.12.0"
      }
    }
  ],
  "version" : 3
}
