{
  "originHash" : "eae2212ff03cf36555a597d08cf34da4e97308d67dcd3b7e225d44eb2aa0b462",
  "pins" : [
    {
      "identity" : "decodeencodegeneric",
      "kind" : "remoteSourceControl",
      "location" : "https://github.com/rsyncOSX/DecodeEncodeGeneric.git",
      "state" : {
        "revision" : "b5ecbbbe1b244191efec1532a979f6ae342d6617",
        "version" : "1.0.0"
      }
    },
    {
      "identity" : "parsersyncoutput",
      "kind" : "remoteSourceControl",
      "location" : "https://github.com/rsyncOSX/ParseRsyncOutput",
      "state" : {
        "revision" : "e079e0c9d34bf07f7f2a4312b40feea79ae14847",
        "version" : "1.0.0"
      }
    },
    {
      "identity" : "photoanalysiskit",
      "kind" : "remoteSourceControl",
      "location" : "https://github.com/rsyncOSX/PhotoAnalysisKit.git",
      "state" : {
        "revision" : "6e83ceebbca47a5dea0b1b2b4ee8b9132c281449",
        "version" : "1.2.0"
      }
    },
    {
      "identity" : "rawcullcore",
      "kind" : "remoteSourceControl",
      "location" : "https://github.com/rsyncOSX/RawCullCore.git",
      "state" : {
        "revision" : "7d57fe4c4470391a8cf93bdde94b937aa41930af",
        "version" : "1.1.1"
      }
    },
    {
      "identity" : "rawparserkit",
      "kind" : "remoteSourceControl",
      "location" : "https://github.com/rsyncOSX/RawParserKit.git",
      "state" : {
        "revision" : "3273d83275f3c85e2faddcd1293f576c559cb973",
        "version" : "1.2.7"
      }
    },
    {
      "identity" : "rsyncarguments",
      "kind" : "remoteSourceControl",
      "location" : "https://github.com/rsyncOSX/RsyncArguments",
      "state" : {
        "revision" : "0ff6518136c208dfbecc1a918f045048ca79853d",
        "version" : "1.0.0"
      }
    },
    {
      "identity" : "rsyncprocessstreaming",
      "kind" : "remoteSourceControl",
      "location" : "https://github.com/rsyncOSX/RsyncProcessStreaming",
      "state" : {
        "revision" : "dd86f012b352888fd146e0b6e103740dc237f740",
        "version" : "1.0.0"
      }
    }
  ],
  "version" : 3
}
